# This file is automatically @generated by Cargo.
# It is not intended for manual editing.
version = 4

[[package]]
name = "libc"
version = "0.2.172"
source = "registry+https://github.com/rust-lang/crates.io-index"
checksum = "d750af042f7ef4f724306de029d18836c26c1765a54a6a3f094cbd23a7267ffa"

[[package]]
name = "log"
version = "0.4.27"
source = "registry+https://github.com/rust-lang/crates.io-index"
checksum = "13dc2df351e3202783a1fe0d44375f7295ffb4049267b0f3018346dc122a1d94"

[[package]]
name = "polkakernel"
version = "0.1.0"
dependencies = [
 "log",
 "polkavm",
]

[[package]]
name = "polkavm"
version = "0.23.0"
source = "registry+https://github.com/rust-lang/crates.io-index"
checksum = "2660d9dc804e3baa5606952bc3c5ca3c149ff9f2cc9b87b86c8524406101fa01"
dependencies = [
 "libc",
 "log",
 "polkavm-assembler",
 "polkavm-common",
 "polkavm-linux-raw",
]

[[package]]
name = "polkavm-assembler"
version = "0.23.0"
source = "registry+https://github.com/rust-lang/crates.io-index"
checksum = "9a80d7a63d2a539cc01b155483f1463e33204fc7a67e5bf5451af1e7fe6765f1"
dependencies = [
 "log",
]

[[package]]
name = "polkavm-common"
version = "0.23.0"
source = "registry+https://github.com/rust-lang/crates.io-index"
checksum = "443aaa52fee7fa5e4f2183036bca9692070dceebb3d0ccd4347d6d62e1d9c220"
dependencies = [
 "log",
 "polkavm-assembler",
]

[[package]]
name = "polkavm-linux-raw"
version = "0.23.0"
source = "registry+https://github.com/rust-lang/crates.io-index"
checksum = "12db943742791949005eeee48034f8db30a19ed18d8854cbb4fb811c27261064"
